
Microsoft Visual Studio Solution File, Format Version 12.00
# Visual Studio Version 17
VisualStudioVersion = 17.14.36414.22 d17.14
MinimumVisualStudioVersion = 10.0.40219.1
Project("{FAE04EC0-301F-11D3-BF4B-00C04F79EFBC}") = "TempConverter", "TempConverter\TempConverter.csproj", "{0262EB46-792B-4AC5-95B3-6865AECA3106}"
EndProject
Global
	GlobalSection(SolutionConfigurationPlatforms) = preSolution
		Debug|Any CPU = Debug|Any CPU
		Release|Any CPU = Release|Any CPU
	EndGlobalSection
	GlobalSection(ProjectConfigurationPlatforms) = postSolution
		{0262EB46-792B-4AC5-95B3-6865AECA3106}.Debug|Any CPU.ActiveCfg = Debug|Any CPU
		{0262EB46-792B-4AC5-95B3-6865AECA3106}.Debug|Any CPU.Build.0 = Debug|Any CPU
		{0262EB46-792B-4AC5-95B3-6865AECA3106}.Release|Any CPU.ActiveCfg = Release|Any CPU
		{0262EB46-792B-4AC5-95B3-6865AECA3106}.Release|Any CPU.Build.0 = Release|Any CPU
	EndGlobalSection
	GlobalSection(SolutionProperties) = preSolution
		HideSolutionNode = FALSE
	EndGlobalSection
	GlobalSection(ExtensibilityGlobals) = postSolution
		SolutionGuid = {0BE55A18-C143-41B1-9EE8-18B8FA36739E}
	EndGlobalSection
EndGlobal
