
Microsoft Visual Studio Solution File, Format Version 12.00
# Visual Studio Version 17
VisualStudioVersion = 17.14.36414.22 d17.14
MinimumVisualStudioVersion = 10.0.40219.1
Project("{FAE04EC0-301F-11D3-BF4B-00C04F79EFBC}") = "WpfLogin", "WpfLogin\WpfLogin.csproj", "{CBAD4605-4E83-47F7-92A1-A5ED05119C60}"
EndProject
Global
	GlobalSection(SolutionConfigurationPlatforms) = preSolution
		Debug|Any CPU = Debug|Any CPU
		Release|Any CPU = Release|Any CPU
	EndGlobalSection
	GlobalSection(ProjectConfigurationPlatforms) = postSolution
		{CBAD4605-4E83-47F7-92A1-A5ED05119C60}.Debug|Any CPU.ActiveCfg = Debug|Any CPU
		{CBAD4605-4E83-47F7-92A1-A5ED05119C60}.Debug|Any CPU.Build.0 = Debug|Any CPU
		{CBAD4605-4E83-47F7-92A1-A5ED05119C60}.Release|Any CPU.ActiveCfg = Release|Any CPU
		{CBAD4605-4E83-47F7-92A1-A5ED05119C60}.Release|Any CPU.Build.0 = Release|Any CPU
	EndGlobalSection
	GlobalSection(SolutionProperties) = preSolution
		HideSolutionNode = FALSE
	EndGlobalSection
	GlobalSection(ExtensibilityGlobals) = postSolution
		SolutionGuid = {D2C18F76-8098-4E4B-B4E4-548D7D1F3F02}
	EndGlobalSection
EndGlobal
